github.com/artyom/autoflags v1.1.0 h1:Cz3qb/qSkhmt/Zgsu3D/HwMJtKYUSV5kctI6O9bekv4=
github.com/artyom/autoflags v1.1.0/go.mod h1:Th9KgAVvFcYp7t8b//Pu21xHjExLpzr4SXCbwVbHL7Y=
github.com/artyom/isterm v0.0.0-20160311194710-f88d4bd7134f h1:zGQJHKTZwt5Wg3eqXaocjPprYxpAiAXcIW8i3xrzyIw=
github.com/artyom/isterm v0.0.0-20160311194710-f88d4bd7134f/go.mod h1:IFKGPtEndfEjm2TThzFokqsYFpPtz8dvRYw2bUcWsbk=
github.com/artyom/logger v0.0.0-20170228124418-866fc605019a h1:3o85Z6X/2FOZ1gfm6oYd+JE1XFdkKmk8CLFXYsjuxAI=
github.com/artyom/logger v0.0.0-20170228124418-866fc605019a/go.mod h1:vqSfpsMtg7V57v5+AmlpPQJnDdjvgVnViqJ83lvULzg=
github.com/artyom/progress v0.0.0-20170307164810-4902a424a102 h1:ajPTno+IpxdpxXcAXXe2oGVK54v0DKD//nL0r1Q/Osw=
github.com/artyom/progress v0.0.0-20170307164810-4902a424a102/go.mod h1:AAgfCWqDRBq5cB+0rRAMv+SMIIx20i+vJz5QgEyqdzc=
github.com/artyom/untar v1.0.0 h1:mKQzRw6yuj7kOGiVyagaMd7qvtenW4FE2YRty0fULz8=
github.com/artyom/untar v1.0.0/go.mod h1:cdg9Njhl0cRGOFXmtDqK1A1cMG4/M7Inzq/LRqw83Bo=
github.com/boltdb/bolt v1.3.1 h1:JQmyP4ZBrce+ZQu0dY660FMfatumYDLun9hBCUVIkF4=
github.com/boltdb/bolt v1.3.1/go.mod h1:clJnj/oiGkjum5o1McbSZDSLxVThjynRyGBgiAx27Ps=
github.com/davecgh/go-spew v1.1.0 h1:ZDRjVQ15GmhC3fiQ8ni8+OwkZQO4DARzQgrnXU1Liz8=
github.com/davecgh/go-spew v1.1.0/go.mod h1:J7Y8YcW2NihsgmVo/mv3lAwl/skON4iLHjSsI+c5H38=
github.com/kr/fs v0.0.0-20131111012553-2788f0dbd169 h1:YUrU1/jxRqnt0PSrKj1Uj/wEjk/fjnE80QFfi2Zlj7Q=
github.com/kr/fs v0.0.0-20131111012553-2788f0dbd169/go.mod h1:glhvuHOU9Hy7/8PwwdtnarXqLagOX0b/TbZx2zLMqEg=
github.com/mattn/go-shellwords v1.0.3 h1:K/VxK7SZ+cvuPgFSLKi5QPI9Vr/ipOf4C1gN+ntueUk=
github.com/mattn/go-shellwords v1.0.3/go.mod h1:3xCvwCdWdlDJUrvuMn7Wuy9eWs4pE8vqg+NOMyg4B2o=
github.com/pkg/errors v0.8.0 h1:WdK/asTD0HN+q6hsWO3/vpuAkAr+tw6aNJNDFFf0+qw=
github.com/pkg/errors v0.8.0/go.mod h1:bwawxfHBFNV+L2hUp1rHADufV3IMtnDRdf1r5NINEl0=
github.com/pkg/sftp v0.0.0-20170823214620-98203f5a8333 h1:H+TrkEzdC/n/788nNAOg8j658hMbHOzSfALxhvq90Fo=
github.com/pkg/sftp v0.0.0-20170823214620-98203f5a8333/go.mod h1:NxmoDg/QLVWluQDUYG7XBZTLUpKeFa8e3aMf1BfjyHk=
github.com/pmezard/go-difflib v1.0.0 h1:4DBwDE0NGyQoBHbLQYPwSUPoCMWR5BEzIk/f1lZbAQM=
github.com/pmezard/go-difflib v1.0.0/go.mod h1:iKH77koFhYxTK1pcRnkKkqfTogsbg7gZNVY4sRDYZ/4=
github.com/stretchr/testify v1.2.1 h1:52QO5WkIUcHGIR7EnGagH88x1bUzqGXTC5/1bDTUQ7U=
github.com/stretchr/testify v1.2.1/go.mod h1:a8OnRcib4nhh0OaRAV+Yts87kKdq0PP7pXfy6kDkUVs=
golang.org/x/crypto v0.0.0-20170916190215-7d9177d70076 h1:ad4PRCeV38+3Gr78OjYx+YUmcDWn99Tgcbk8b6C8aQs=
golang.org/x/crypto v0.0.0-20170916190215-7d9177d70076/go.mod h1:6SG95UA2DQfeDnfUPMdvaQW0Q7yPrPDi9nlGo2tz2b4=
golang.org/x/sys v0.0.0-20180724212812-e072cadbbdc8 h1:7T3bTJEttnfJdEY+NY/VYT7IXRaul8potWiyw/n7LB8=
golang.org/x/sys v0.0.0-20180724212812-e072cadbbdc8/go.mod h1:STP8DvDyc/dI5b8T5hshtkjS+E42TnysNCUPdjciGhY=
